schema: '2.0'
stages:
  preprocess:
    cmd: python src/preprocess.py
    deps:
    - path: data/raw/churn.csv
      hash: md5
      md5: c7603da904fa561b5a7eb90b8d2b7d4a
      size: 977501
    - path: params.yaml
      hash: md5
      md5: aa08fcd4adcce2d2b8f27e9cde516590
      size: 318
    - path: src/preprocess.py
      hash: md5
      md5: 812e8885e89baaf414e6b2fd2d80572c
      size: 2865
    outs:
    - path: data/processed/X_test.parquet
      hash: md5
      md5: 88f8e7887f6a16f691f24547b8c6f5cf
      size: 55837
    - path: data/processed/X_train.parquet
      hash: md5
      md5: c1e04dbe42209c22a946a8ffc4863768
      size: 133584
    - path: data/processed/meta.json
      hash: md5
      md5: 41fcd072826403f14ab9475dd370a789
      size: 340
    - path: data/processed/y_test.parquet
      hash: md5
      md5: f8a8c5280ee60f7cc60ec790f9e4ad0f
      size: 1419
    - path: data/processed/y_train.parquet
      hash: md5
      md5: 7cc3a492dc26741d07ebb785768adf46
      size: 2014
    - path: models/preprocessor.pkl
      hash: md5
      md5: 2a4d4838c21e8b4e353baca1b3e5f1b5
      size: 3621
  train:
    cmd: python src/train.py
    deps:
    - path: data/processed/X_test.parquet
      hash: md5
      md5: 88f8e7887f6a16f691f24547b8c6f5cf
      size: 55837
    - path: data/processed/X_train.parquet
      hash: md5
      md5: c1e04dbe42209c22a946a8ffc4863768
      size: 133584
    - path: data/processed/y_test.parquet
      hash: md5
      md5: f8a8c5280ee60f7cc60ec790f9e4ad0f
      size: 1419
    - path: data/processed/y_train.parquet
      hash: md5
      md5: 7cc3a492dc26741d07ebb785768adf46
      size: 2014
    - path: models/preprocessor.pkl
      hash: md5
      md5: 2a4d4838c21e8b4e353baca1b3e5f1b5
      size: 3621
    - path: params.yaml
      hash: md5
      md5: aa08fcd4adcce2d2b8f27e9cde516590
      size: 318
    - path: src/train.py
      hash: md5
      md5: d30846e1e688a6ee8e5be711226173f2
      size: 3970
    outs:
    - path: metrics.json
      hash: md5
      md5: 59cc9d5e7a2a6bd2cb1dd6b93d443b22
      size: 87
    - path: models/best_model.pkl
      hash: md5
      md5: 08c8145aaaf8a74b4c6270edb9b0ac7a
      size: 120360
